
Microsoft Visual Studio Solution File, Format Version 12.00
# Visual Studio 15
VisualStudioVersion = 15.0.27703.2042
MinimumVisualStudioVersion = 10.0.40219.1
Project("{2150E333-8FDC-42A3-9474-1A3956D46DE8}") = "Utils", "Utils", "{A46E06A7-39F2-4067-B299-90B57C3D7BF5}"
EndProject
Project("{2150E333-8FDC-42A3-9474-1A3956D46DE8}") = "Solution Items", "Solution Items", "{00221AD9-2330-4327-A599-E750F596C075}"
	ProjectSection(SolutionItems) = preProject
		.gitignore = .gitignore
	EndProjectSection
EndProject
Project("{9A19103F-16F7-4668-BE54-9A1E7A4F7556}") = "Synergy.DataAccess.Utils.Queries", "Synergy.DataAccess.Utils.Queries\Synergy.DataAccess.Utils.Queries.csproj", "{02D2596C-9706-478F-9852-CDA5DA78307B}"
EndProject
Project("{9A19103F-16F7-4668-BE54-9A1E7A4F7556}") = "Synergy.DataAccess.Context", "Synergy.DataAccess.Context\Synergy.DataAccess.Context.csproj", "{50DC55D3-00A5-4141-8B65-450C47B69403}"
EndProject
Project("{9A19103F-16F7-4668-BE54-9A1E7A4F7556}") = "Synergy.DataAccess.Entities", "Synergy.DataAccess.Entities\Synergy.DataAccess.Entities.csproj", "{428361CF-A560-43F8-A57E-1B077343D1BA}"
EndProject
Project("{9A19103F-16F7-4668-BE54-9A1E7A4F7556}") = "Synergy.DataAccess.Abstractions", "Synergy.DataAccess.Abstractions\Synergy.DataAccess.Abstractions.csproj", "{2D9196AC-8609-47B5-88A2-5D86D864416D}"
EndProject
Project("{9A19103F-16F7-4668-BE54-9A1E7A4F7556}") = "Synergy.DataAccess.Enum", "Synergy.DataAccess.Enum\Synergy.DataAccess.Enum.csproj", "{79FD6FED-FF8E-406F-9F58-0B2C92E1BF13}"
EndProject
Project("{9A19103F-16F7-4668-BE54-9A1E7A4F7556}") = "Synergy.DataAccess.Abstractions.Commands", "Synergy.DataAccess.Abstractions.Commands\Synergy.DataAccess.Abstractions.Commands.csproj", "{6ACF8BC4-2561-4DD9-AC90-2A72F93CB6AA}"
EndProject
Project("{9A19103F-16F7-4668-BE54-9A1E7A4F7556}") = "Synergy.DataAccess.Dictionaries.Queries", "Synergy.DataAccess.Dictionaries.Queries\Synergy.DataAccess.Dictionaries.Queries.csproj", "{03C32565-6C8F-4BA4-888D-F944107EF865}"
EndProject
Project("{2150E333-8FDC-42A3-9474-1A3956D46DE8}") = "Queries", "Queries", "{E101278F-7E2F-4FCF-BB6B-0C028293E8CC}"
EndProject
Project("{2150E333-8FDC-42A3-9474-1A3956D46DE8}") = "Commands", "Commands", "{B47990C9-4D30-4870-9D9D-921A1DCA5780}"
EndProject
Project("{9A19103F-16F7-4668-BE54-9A1E7A4F7556}") = "Synergy.DataAccess.Migrations", "Synergy.DataAccess.Migrations\Synergy.DataAccess.Migrations.csproj", "{C12EC07C-8273-4633-8DCF-5DEB2557002D}"
EndProject
Global
	GlobalSection(SolutionConfigurationPlatforms) = preSolution
		Debug|Any CPU = Debug|Any CPU
		Release|Any CPU = Release|Any CPU
	EndGlobalSection
	GlobalSection(ProjectConfigurationPlatforms) = postSolution
		{02D2596C-9706-478F-9852-CDA5DA78307B}.Debug|Any CPU.ActiveCfg = Debug|Any CPU
		{02D2596C-9706-478F-9852-CDA5DA78307B}.Debug|Any CPU.Build.0 = Debug|Any CPU
		{02D2596C-9706-478F-9852-CDA5DA78307B}.Release|Any CPU.ActiveCfg = Release|Any CPU
		{02D2596C-9706-478F-9852-CDA5DA78307B}.Release|Any CPU.Build.0 = Release|Any CPU
		{50DC55D3-00A5-4141-8B65-450C47B69403}.Debug|Any CPU.ActiveCfg = Debug|Any CPU
		{50DC55D3-00A5-4141-8B65-450C47B69403}.Debug|Any CPU.Build.0 = Debug|Any CPU
		{50DC55D3-00A5-4141-8B65-450C47B69403}.Release|Any CPU.ActiveCfg = Release|Any CPU
		{50DC55D3-00A5-4141-8B65-450C47B69403}.Release|Any CPU.Build.0 = Release|Any CPU
		{428361CF-A560-43F8-A57E-1B077343D1BA}.Debug|Any CPU.ActiveCfg = Debug|Any CPU
		{428361CF-A560-43F8-A57E-1B077343D1BA}.Debug|Any CPU.Build.0 = Debug|Any CPU
		{428361CF-A560-43F8-A57E-1B077343D1BA}.Release|Any CPU.ActiveCfg = Release|Any CPU
		{428361CF-A560-43F8-A57E-1B077343D1BA}.Release|Any CPU.Build.0 = Release|Any CPU
		{2D9196AC-8609-47B5-88A2-5D86D864416D}.Debug|Any CPU.ActiveCfg = Debug|Any CPU
		{2D9196AC-8609-47B5-88A2-5D86D864416D}.Debug|Any CPU.Build.0 = Debug|Any CPU
		{2D9196AC-8609-47B5-88A2-5D86D864416D}.Release|Any CPU.ActiveCfg = Release|Any CPU
		{2D9196AC-8609-47B5-88A2-5D86D864416D}.Release|Any CPU.Build.0 = Release|Any CPU
		{79FD6FED-FF8E-406F-9F58-0B2C92E1BF13}.Debug|Any CPU.ActiveCfg = Debug|Any CPU
		{79FD6FED-FF8E-406F-9F58-0B2C92E1BF13}.Debug|Any CPU.Build.0 = Debug|Any CPU
		{79FD6FED-FF8E-406F-9F58-0B2C92E1BF13}.Release|Any CPU.ActiveCfg = Release|Any CPU
		{79FD6FED-FF8E-406F-9F58-0B2C92E1BF13}.Release|Any CPU.Build.0 = Release|Any CPU
		{6ACF8BC4-2561-4DD9-AC90-2A72F93CB6AA}.Debug|Any CPU.ActiveCfg = Debug|Any CPU
		{6ACF8BC4-2561-4DD9-AC90-2A72F93CB6AA}.Debug|Any CPU.Build.0 = Debug|Any CPU
		{6ACF8BC4-2561-4DD9-AC90-2A72F93CB6AA}.Release|Any CPU.ActiveCfg = Release|Any CPU
		{6ACF8BC4-2561-4DD9-AC90-2A72F93CB6AA}.Release|Any CPU.Build.0 = Release|Any CPU
		{03C32565-6C8F-4BA4-888D-F944107EF865}.Debug|Any CPU.ActiveCfg = Debug|Any CPU
		{03C32565-6C8F-4BA4-888D-F944107EF865}.Debug|Any CPU.Build.0 = Debug|Any CPU
		{03C32565-6C8F-4BA4-888D-F944107EF865}.Release|Any CPU.ActiveCfg = Release|Any CPU
		{03C32565-6C8F-4BA4-888D-F944107EF865}.Release|Any CPU.Build.0 = Release|Any CPU
		{C12EC07C-8273-4633-8DCF-5DEB2557002D}.Debug|Any CPU.ActiveCfg = Debug|Any CPU
		{C12EC07C-8273-4633-8DCF-5DEB2557002D}.Debug|Any CPU.Build.0 = Debug|Any CPU
		{C12EC07C-8273-4633-8DCF-5DEB2557002D}.Release|Any CPU.ActiveCfg = Release|Any CPU
		{C12EC07C-8273-4633-8DCF-5DEB2557002D}.Release|Any CPU.Build.0 = Release|Any CPU
	EndGlobalSection
	GlobalSection(SolutionProperties) = preSolution
		HideSolutionNode = FALSE
	EndGlobalSection
	GlobalSection(NestedProjects) = preSolution
		{02D2596C-9706-478F-9852-CDA5DA78307B} = {A46E06A7-39F2-4067-B299-90B57C3D7BF5}
		{2D9196AC-8609-47B5-88A2-5D86D864416D} = {E101278F-7E2F-4FCF-BB6B-0C028293E8CC}
		{6ACF8BC4-2561-4DD9-AC90-2A72F93CB6AA} = {B47990C9-4D30-4870-9D9D-921A1DCA5780}
		{03C32565-6C8F-4BA4-888D-F944107EF865} = {E101278F-7E2F-4FCF-BB6B-0C028293E8CC}
	EndGlobalSection
	GlobalSection(ExtensibilityGlobals) = postSolution
		SolutionGuid = {340BCB20-A476-465F-B08E-B6BF71AAF754}
	EndGlobalSection
EndGlobal
